// !$*UTF8*$!
{
	archiveVersion = 1;
	classes = {
	};
	objectVersion = 50;
	objects = {

/* Begin PBXBuildFile section */
		3C1313B920F5A461008CF9B9 /* CXPopupKit.framework in Frameworks */ = {isa = PBXBuildFile; fileRef = 3C1313AF20F5A461008CF9B9 /* CXPopupKit.framework */; };
		3C1313BE20F5A461008CF9B9 /* CXPopupKitTests.swift in Sources */ = {isa = PBXBuildFile; fileRef = 3C1313BD20F5A461008CF9B9 /* CXPopupKitTests.swift */; };
		3C1313C020F5A461008CF9B9 /* CXPopupKit.h in Headers */ = {isa = PBXBuildFile; fileRef = 3C1313B220F5A461008CF9B9 /* CXPopupKit.h */; settings = {ATTRIBUTES = (Public, ); }; };
		3C1313CA20F5A4D5008CF9B9 /* CXPopupAppearance.swift in Sources */ = {isa = PBXBuildFile; fileRef = 3C1313C920F5A4D5008CF9B9 /* CXPopupAppearance.swift */; };
		3C1C9DB52106E54100DE17A9 /* AppDelegate.swift in Sources */ = {isa = PBXBuildFile; fileRef = 3C1C9DB42106E54100DE17A9 /* AppDelegate.swift */; };
		3C1C9DB72106E54100DE17A9 /* ViewController.swift in Sources */ = {isa = PBXBuildFile; fileRef = 3C1C9DB62106E54100DE17A9 /* ViewController.swift */; };
		3C1C9DBA2106E54100DE17A9 /* Main.storyboard in Resources */ = {isa = PBXBuildFile; fileRef = 3C1C9DB82106E54100DE17A9 /* Main.storyboard */; };
		3C1C9DBC2106E54300DE17A9 /* Assets.xcassets in Resources */ = {isa = PBXBuildFile; fileRef = 3C1C9DBB2106E54300DE17A9 /* Assets.xcassets */; };
		3C1C9DBF2106E54300DE17A9 /* LaunchScreen.storyboard in Resources */ = {isa = PBXBuildFile; fileRef = 3C1C9DBD2106E54300DE17A9 /* LaunchScreen.storyboard */; };
		3C1C9DCA2106E54300DE17A9 /* CXPopupKitDemoTests.swift in Sources */ = {isa = PBXBuildFile; fileRef = 3C1C9DC92106E54300DE17A9 /* CXPopupKitDemoTests.swift */; };
		3C1C9DD52106E54300DE17A9 /* CXPopupKitDemoUITests.swift in Sources */ = {isa = PBXBuildFile; fileRef = 3C1C9DD42106E54300DE17A9 /* CXPopupKitDemoUITests.swift */; };
		3C87578D20F5B0DB0086BC35 /* CXEdgeSize.swift in Sources */ = {isa = PBXBuildFile; fileRef = 3C87578C20F5B0DB0086BC35 /* CXEdgeSize.swift */; };
		3C87578F20F5B18B0086BC35 /* CXAxisPosition.swift in Sources */ = {isa = PBXBuildFile; fileRef = 3C87578E20F5B18B0086BC35 /* CXAxisPosition.swift */; };
		3C87579120F5B4BC0086BC35 /* CXPopupWindow.swift in Sources */ = {isa = PBXBuildFile; fileRef = 3C87579020F5B4BC0086BC35 /* CXPopupWindow.swift */; };
		3C87579320F5B59D0086BC35 /* CXPopupable.swift in Sources */ = {isa = PBXBuildFile; fileRef = 3C87579220F5B59D0086BC35 /* CXPopupable.swift */; };
		3C87579520F5B5D20086BC35 /* CXPopupBuilder.swift in Sources */ = {isa = PBXBuildFile; fileRef = 3C87579420F5B5D20086BC35 /* CXPopupBuilder.swift */; };
		C46936ED210797FB00AB7C2D /* CXPopupKit.framework in Frameworks */ = {isa = PBXBuildFile; fileRef = 3C1313AF20F5A461008CF9B9 /* CXPopupKit.framework */; };
		C46936EE210797FB00AB7C2D /* CXPopupKit.framework in Embed Frameworks */ = {isa = PBXBuildFile; fileRef = 3C1313AF20F5A461008CF9B9 /* CXPopupKit.framework */; settings = {ATTRIBUTES = (CodeSignOnCopy, RemoveHeadersOnCopy, ); }; };
		C4D915062122219900D0F7D1 /* CXAnimation.swift in Sources */ = {isa = PBXBuildFile; fileRef = C4D915052122219900D0F7D1 /* CXAnimation.swift */; };
		C4D91508212222AD00D0F7D1 /* AnimationFactory.swift in Sources */ = {isa = PBXBuildFile; fileRef = C4EB5300210008EF00B5E075 /* AnimationFactory.swift */; };
		C4D9150C2122278D00D0F7D1 /* CXFadeAnimation.swift in Sources */ = {isa = PBXBuildFile; fileRef = C4D9150B2122278D00D0F7D1 /* CXFadeAnimation.swift */; };
		C4D9150E21222DB400D0F7D1 /* CXBounceAnimation.swift in Sources */ = {isa = PBXBuildFile; fileRef = C4D9150D21222DB400D0F7D1 /* CXBounceAnimation.swift */; };
		C4D915102122495F00D0F7D1 /* CXZoomAnimation.swift in Sources */ = {isa = PBXBuildFile; fileRef = C4D9150F2122495F00D0F7D1 /* CXZoomAnimation.swift */; };
		C4D9151221224B1700D0F7D1 /* CXPopAnimation.swift in Sources */ = {isa = PBXBuildFile; fileRef = C4D9151121224B1700D0F7D1 /* CXPopAnimation.swift */; };
		C4EB3DBE2135F78E008F5671 /* CXPicker.swift in Sources */ = {isa = PBXBuildFile; fileRef = C4EB3DBD2135F78E008F5671 /* CXPicker.swift */; };
		C4EB52FB20FE679600B5E075 /* CXPresentationController.swift in Sources */ = {isa = PBXBuildFile; fileRef = C4EB52FA20FE679600B5E075 /* CXPresentationController.swift */; };
		C4EB52FD20FE67FA00B5E075 /* CXDimensionUtil.swift in Sources */ = {isa = PBXBuildFile; fileRef = C4EB52FC20FE67FA00B5E075 /* CXDimensionUtil.swift */; };
		C4EB52FF20FE692E00B5E075 /* CXSafeAreaType.swift in Sources */ = {isa = PBXBuildFile; fileRef = C4EB52FE20FE692E00B5E075 /* CXSafeAreaType.swift */; };
		C4EB5303210009A400B5E075 /* CXBasicAnimation.swift in Sources */ = {isa = PBXBuildFile; fileRef = C4EB5302210009A400B5E075 /* CXBasicAnimation.swift */; };
/* End PBXBuildFile section */

/* Begin PBXContainerItemProxy section */
		3C1313BA20F5A461008CF9B9 /* PBXContainerItemProxy */ = {
			isa = PBXContainerItemProxy;
			containerPortal = 3C1313A620F5A461008CF9B9 /* Project object */;
			proxyType = 1;
			remoteGlobalIDString = 3C1313AE20F5A461008CF9B9;
			remoteInfo = CXPopupKit;
		};
		3C1C9DC62106E54300DE17A9 /* PBXContainerItemProxy */ = {
			isa = PBXContainerItemProxy;
			containerPortal = 3C1313A620F5A461008CF9B9 /* Project object */;
			proxyType = 1;
			remoteGlobalIDString = 3C1C9DB12106E54100DE17A9;
			remoteInfo = CXPopupKitDemo;
		};
		3C1C9DD12106E54300DE17A9 /* PBXContainerItemProxy */ = {
			isa = PBXContainerItemProxy;
			containerPortal = 3C1313A620F5A461008CF9B9 /* Project object */;
			proxyType = 1;
			remoteGlobalIDString = 3C1C9DB12106E54100DE17A9;
			remoteInfo = CXPopupKitDemo;
		};
		C46936EF210797FB00AB7C2D /* PBXContainerItemProxy */ = {
			isa = PBXContainerItemProxy;
			containerPortal = 3C1313A620F5A461008CF9B9 /* Project object */;
			proxyType = 1;
			remoteGlobalIDString = 3C1313AE20F5A461008CF9B9;
			remoteInfo = CXPopupKit;
		};
/* End PBXContainerItemProxy section */

/* Begin PBXCopyFilesBuildPhase section */
		C46936F1210797FB00AB7C2D /* Embed Frameworks */ = {
			isa = PBXCopyFilesBuildPhase;
			buildActionMask = 2147483647;
			dstPath = "";
			dstSubfolderSpec = 10;
			files = (
				C46936EE210797FB00AB7C2D /* CXPopupKit.framework in Embed Frameworks */,
			);
			name = "Embed Frameworks";
			runOnlyForDeploymentPostprocessing = 0;
		};
/* End PBXCopyFilesBuildPhase section */

/* Begin PBXFileReference section */
		3C1313AF20F5A461008CF9B9 /* CXPopupKit.framework */ = {isa = PBXFileReference; explicitFileType = wrapper.framework; includeInIndex = 0; path = CXPopupKit.framework; sourceTree = BUILT_PRODUCTS_DIR; };
		3C1313B220F5A461008CF9B9 /* CXPopupKit.h */ = {isa = PBXFileReference; lastKnownFileType = sourcecode.c.h; path = CXPopupKit.h; sourceTree = "<group>"; };
		3C1313B320F5A461008CF9B9 /* Info.plist */ = {isa = PBXFileReference; lastKnownFileType = text.plist.xml; path = Info.plist; sourceTree = "<group>"; };
		3C1313B820F5A461008CF9B9 /* CXPopupKitTests.xctest */ = {isa = PBXFileReference; explicitFileType = wrapper.cfbundle; includeInIndex = 0; path = CXPopupKitTests.xctest; sourceTree = BUILT_PRODUCTS_DIR; };
		3C1313BD20F5A461008CF9B9 /* CXPopupKitTests.swift */ = {isa = PBXFileReference; lastKnownFileType = sourcecode.swift; path = CXPopupKitTests.swift; sourceTree = "<group>"; };
		3C1313BF20F5A461008CF9B9 /* Info.plist */ = {isa = PBXFileReference; lastKnownFileType = text.plist.xml; path = Info.plist; sourceTree = "<group>"; };
		3C1313C920F5A4D5008CF9B9 /* CXPopupAppearance.swift */ = {isa = PBXFileReference; lastKnownFileType = sourcecode.swift; path = CXPopupAppearance.swift; sourceTree = "<group>"; };
		3C1C9DB22106E54100DE17A9 /* CXPopupKitDemo.app */ = {isa = PBXFileReference; explicitFileType = wrapper.application; includeInIndex = 0; path = CXPopupKitDemo.app; sourceTree = BUILT_PRODUCTS_DIR; };
		3C1C9DB42106E54100DE17A9 /* AppDelegate.swift */ = {isa = PBXFileReference; lastKnownFileType = sourcecode.swift; path = AppDelegate.swift; sourceTree = "<group>"; };
		3C1C9DB62106E54100DE17A9 /* ViewController.swift */ = {isa = PBXFileReference; lastKnownFileType = sourcecode.swift; path = ViewController.swift; sourceTree = "<group>"; };
		3C1C9DB92106E54100DE17A9 /* Base */ = {isa = PBXFileReference; lastKnownFileType = file.storyboard; name = Base; path = Base.lproj/Main.storyboard; sourceTree = "<group>"; };
		3C1C9DBB2106E54300DE17A9 /* Assets.xcassets */ = {isa = PBXFileReference; lastKnownFileType = folder.assetcatalog; path = Assets.xcassets; sourceTree = "<group>"; };
		3C1C9DBE2106E54300DE17A9 /* Base */ = {isa = PBXFileReference; lastKnownFileType = file.storyboard; name = Base; path = Base.lproj/LaunchScreen.storyboard; sourceTree = "<group>"; };
		3C1C9DC02106E54300DE17A9 /* Info.plist */ = {isa = PBXFileReference; lastKnownFileType = text.plist.xml; path = Info.plist; sourceTree = "<group>"; };
		3C1C9DC52106E54300DE17A9 /* CXPopupKitDemoTests.xctest */ = {isa = PBXFileReference; explicitFileType = wrapper.cfbundle; includeInIndex = 0; path = CXPopupKitDemoTests.xctest; sourceTree = BUILT_PRODUCTS_DIR; };
		3C1C9DC92106E54300DE17A9 /* CXPopupKitDemoTests.swift */ = {isa = PBXFileReference; lastKnownFileType = sourcecode.swift; path = CXPopupKitDemoTests.swift; sourceTree = "<group>"; };
		3C1C9DCB2106E54300DE17A9 /* Info.plist */ = {isa = PBXFileReference; lastKnownFileType = text.plist.xml; path = Info.plist; sourceTree = "<group>"; };
		3C1C9DD02106E54300DE17A9 /* CXPopupKitDemoUITests.xctest */ = {isa = PBXFileReference; explicitFileType = wrapper.cfbundle; includeInIndex = 0; path = CXPopupKitDemoUITests.xctest; sourceTree = BUILT_PRODUCTS_DIR; };
		3C1C9DD42106E54300DE17A9 /* CXPopupKitDemoUITests.swift */ = {isa = PBXFileReference; lastKnownFileType = sourcecode.swift; path = CXPopupKitDemoUITests.swift; sourceTree = "<group>"; };
		3C1C9DD62106E54300DE17A9 /* Info.plist */ = {isa = PBXFileReference; lastKnownFileType = text.plist.xml; path = Info.plist; sourceTree = "<group>"; };
		3C87578C20F5B0DB0086BC35 /* CXEdgeSize.swift */ = {isa = PBXFileReference; lastKnownFileType = sourcecode.swift; path = CXEdgeSize.swift; sourceTree = "<group>"; };
		3C87578E20F5B18B0086BC35 /* CXAxisPosition.swift */ = {isa = PBXFileReference; lastKnownFileType = sourcecode.swift; path = CXAxisPosition.swift; sourceTree = "<group>"; };
		3C87579020F5B4BC0086BC35 /* CXPopupWindow.swift */ = {isa = PBXFileReference; lastKnownFileType = sourcecode.swift; path = CXPopupWindow.swift; sourceTree = "<group>"; };
		3C87579220F5B59D0086BC35 /* CXPopupable.swift */ = {isa = PBXFileReference; lastKnownFileType = sourcecode.swift; path = CXPopupable.swift; sourceTree = "<group>"; };
		3C87579420F5B5D20086BC35 /* CXPopupBuilder.swift */ = {isa = PBXFileReference; lastKnownFileType = sourcecode.swift; path = CXPopupBuilder.swift; sourceTree = "<group>"; };
		C4D915052122219900D0F7D1 /* CXAnimation.swift */ = {isa = PBXFileReference; fileEncoding = 4; lastKnownFileType = sourcecode.swift; path = CXAnimation.swift; sourceTree = "<group>"; };
		C4D9150B2122278D00D0F7D1 /* CXFadeAnimation.swift */ = {isa = PBXFileReference; lastKnownFileType = sourcecode.swift; path = CXFadeAnimation.swift; sourceTree = "<group>"; };
		C4D9150D21222DB400D0F7D1 /* CXBounceAnimation.swift */ = {isa = PBXFileReference; lastKnownFileType = sourcecode.swift; path = CXBounceAnimation.swift; sourceTree = "<group>"; };
		C4D9150F2122495F00D0F7D1 /* CXZoomAnimation.swift */ = {isa = PBXFileReference; lastKnownFileType = sourcecode.swift; path = CXZoomAnimation.swift; sourceTree = "<group>"; };
		C4D9151121224B1700D0F7D1 /* CXPopAnimation.swift */ = {isa = PBXFileReference; lastKnownFileType = sourcecode.swift; path = CXPopAnimation.swift; sourceTree = "<group>"; };
		C4EB3DBD2135F78E008F5671 /* CXPicker.swift */ = {isa = PBXFileReference; lastKnownFileType = sourcecode.swift; path = CXPicker.swift; sourceTree = "<group>"; };
		C4EB52FA20FE679600B5E075 /* CXPresentationController.swift */ = {isa = PBXFileReference; lastKnownFileType = sourcecode.swift; path = CXPresentationController.swift; sourceTree = "<group>"; };
		C4EB52FC20FE67FA00B5E075 /* CXDimensionUtil.swift */ = {isa = PBXFileReference; lastKnownFileType = sourcecode.swift; path = CXDimensionUtil.swift; sourceTree = "<group>"; };
		C4EB52FE20FE692E00B5E075 /* CXSafeAreaType.swift */ = {isa = PBXFileReference; lastKnownFileType = sourcecode.swift; path = CXSafeAreaType.swift; sourceTree = "<group>"; };
		C4EB5300210008EF00B5E075 /* AnimationFactory.swift */ = {isa = PBXFileReference; lastKnownFileType = sourcecode.swift; path = AnimationFactory.swift; sourceTree = "<group>"; };
		C4EB5302210009A400B5E075 /* CXBasicAnimation.swift */ = {isa = PBXFileReference; lastKnownFileType = sourcecode.swift; path = CXBasicAnimation.swift; sourceTree = "<group>"; };
/* End PBXFileReference section */

/* Begin PBXFrameworksBuildPhase section */
		3C1313AC20F5A461008CF9B9 /* Frameworks */ = {
			isa = PBXFrameworksBuildPhase;
			buildActionMask = 2147483647;
			files = (
			);
			runOnlyForDeploymentPostprocessing = 0;
		};
		3C1313B520F5A461008CF9B9 /* Frameworks */ = {
			isa = PBXFrameworksBuildPhase;
			buildActionMask = 2147483647;
			files = (
				3C1313B920F5A461008CF9B9 /* CXPopupKit.framework in Frameworks */,
			);
			runOnlyForDeploymentPostprocessing = 0;
		};
		3C1C9DAF2106E54100DE17A9 /* Frameworks */ = {
			isa = PBXFrameworksBuildPhase;
			buildActionMask = 2147483647;
			files = (
				C46936ED210797FB00AB7C2D /* CXPopupKit.framework in Frameworks */,
			);
			runOnlyForDeploymentPostprocessing = 0;
		};
		3C1C9DC22106E54300DE17A9 /* Frameworks */ = {
			isa = PBXFrameworksBuildPhase;
			buildActionMask = 2147483647;
			files = (
			);
			runOnlyForDeploymentPostprocessing = 0;
		};
		3C1C9DCD2106E54300DE17A9 /* Frameworks */ = {
			isa = PBXFrameworksBuildPhase;
			buildActionMask = 2147483647;
			files = (
			);
			runOnlyForDeploymentPostprocessing = 0;
		};
/* End PBXFrameworksBuildPhase section */

/* Begin PBXGroup section */
		3C1313A520F5A461008CF9B9 = {
			isa = PBXGroup;
			children = (
				3C1313B120F5A461008CF9B9 /* CXPopupKit */,
				3C1313BC20F5A461008CF9B9 /* CXPopupKitTests */,
				3C1C9DB32106E54100DE17A9 /* CXPopupKitDemo */,
				3C1C9DC82106E54300DE17A9 /* CXPopupKitDemoTests */,
				3C1C9DD32106E54300DE17A9 /* CXPopupKitDemoUITests */,
				3C1313B020F5A461008CF9B9 /* Products */,
			);
			sourceTree = "<group>";
		};
		3C1313B020F5A461008CF9B9 /* Products */ = {
			isa = PBXGroup;
			children = (
				3C1313AF20F5A461008CF9B9 /* CXPopupKit.framework */,
				3C1313B820F5A461008CF9B9 /* CXPopupKitTests.xctest */,
				3C1C9DB22106E54100DE17A9 /* CXPopupKitDemo.app */,
				3C1C9DC52106E54300DE17A9 /* CXPopupKitDemoTests.xctest */,
				3C1C9DD02106E54300DE17A9 /* CXPopupKitDemoUITests.xctest */,
			);
			name = Products;
			sourceTree = "<group>";
		};
		3C1313B120F5A461008CF9B9 /* CXPopupKit */ = {
			isa = PBXGroup;
			children = (
				C4EB3DBA2135F501008F5671 /* Components */,
				C4D9150A212223F900D0F7D1 /* Properties */,
				C4D91509212223E600D0F7D1 /* Popup */,
				C4D915072122223C00D0F7D1 /* Animation */,
				3C1313B220F5A461008CF9B9 /* CXPopupKit.h */,
				3C1313B320F5A461008CF9B9 /* Info.plist */,
			);
			path = CXPopupKit;
			sourceTree = "<group>";
		};
		3C1313BC20F5A461008CF9B9 /* CXPopupKitTests */ = {
			isa = PBXGroup;
			children = (
				3C1313BD20F5A461008CF9B9 /* CXPopupKitTests.swift */,
				3C1313BF20F5A461008CF9B9 /* Info.plist */,
			);
			path = CXPopupKitTests;
			sourceTree = "<group>";
		};
		3C1C9DB32106E54100DE17A9 /* CXPopupKitDemo */ = {
			isa = PBXGroup;
			children = (
				3C1C9DB42106E54100DE17A9 /* AppDelegate.swift */,
				3C1C9DB62106E54100DE17A9 /* ViewController.swift */,
				3C1C9DB82106E54100DE17A9 /* Main.storyboard */,
				3C1C9DBB2106E54300DE17A9 /* Assets.xcassets */,
				3C1C9DBD2106E54300DE17A9 /* LaunchScreen.storyboard */,
				3C1C9DC02106E54300DE17A9 /* Info.plist */,
			);
			path = CXPopupKitDemo;
			sourceTree = "<group>";
		};
		3C1C9DC82106E54300DE17A9 /* CXPopupKitDemoTests */ = {
			isa = PBXGroup;
			children = (
				3C1C9DC92106E54300DE17A9 /* CXPopupKitDemoTests.swift */,
				3C1C9DCB2106E54300DE17A9 /* Info.plist */,
			);
			path = CXPopupKitDemoTests;
			sourceTree = "<group>";
		};
		3C1C9DD32106E54300DE17A9 /* CXPopupKitDemoUITests */ = {
			isa = PBXGroup;
			children = (
				3C1C9DD42106E54300DE17A9 /* CXPopupKitDemoUITests.swift */,
				3C1C9DD62106E54300DE17A9 /* Info.plist */,
			);
			path = CXPopupKitDemoUITests;
			sourceTree = "<group>";
		};
		C4D915072122223C00D0F7D1 /* Animation */ = {
			isa = PBXGroup;
			children = (
				C4EB5300210008EF00B5E075 /* AnimationFactory.swift */,
				C4EB5302210009A400B5E075 /* CXBasicAnimation.swift */,
				C4D9150B2122278D00D0F7D1 /* CXFadeAnimation.swift */,
				C4D9150D21222DB400D0F7D1 /* CXBounceAnimation.swift */,
				C4D9150F2122495F00D0F7D1 /* CXZoomAnimation.swift */,
				C4D9151121224B1700D0F7D1 /* CXPopAnimation.swift */,
			);
			path = Animation;
			sourceTree = "<group>";
		};
		C4D91509212223E600D0F7D1 /* Popup */ = {
			isa = PBXGroup;
			children = (
				3C87579020F5B4BC0086BC35 /* CXPopupWindow.swift */,
				3C87579220F5B59D0086BC35 /* CXPopupable.swift */,
				3C87579420F5B5D20086BC35 /* CXPopupBuilder.swift */,
				C4EB52FA20FE679600B5E075 /* CXPresentationController.swift */,
				C4EB52FC20FE67FA00B5E075 /* CXDimensionUtil.swift */,
			);
			path = Popup;
			sourceTree = "<group>";
		};
		C4D9150A212223F900D0F7D1 /* Properties */ = {
			isa = PBXGroup;
			children = (
				3C1313C920F5A4D5008CF9B9 /* CXPopupAppearance.swift */,
				3C87578C20F5B0DB0086BC35 /* CXEdgeSize.swift */,
				3C87578E20F5B18B0086BC35 /* CXAxisPosition.swift */,
				C4EB52FE20FE692E00B5E075 /* CXSafeAreaType.swift */,
				C4D915052122219900D0F7D1 /* CXAnimation.swift */,
			);
			path = Properties;
			sourceTree = "<group>";
		};
		C4EB3DBA2135F501008F5671 /* Components */ = {
			isa = PBXGroup;
			children = (
				C4EB3DBD2135F78E008F5671 /* CXPicker.swift */,
			);
			path = Components;
			sourceTree = "<group>";
		};
/* End PBXGroup section */

/* Begin PBXHeadersBuildPhase section */
		3C1313AA20F5A461008CF9B9 /* Headers */ = {
			isa = PBXHeadersBuildPhase;
			buildActionMask = 2147483647;
			files = (
				3C1313C020F5A461008CF9B9 /* CXPopupKit.h in Headers */,
			);
			runOnlyForDeploymentPostprocessing = 0;
		};
/* End PBXHeadersBuildPhase section */

/* Begin PBXNativeTarget section */
		3C1313AE20F5A461008CF9B9 /* CXPopupKit */ = {
			isa = PBXNativeTarget;
			buildConfigurationList = 3C1313C320F5A461008CF9B9 /* Build configuration list for PBXNativeTarget "CXPopupKit" */;
			buildPhases = (
				3C1313AA20F5A461008CF9B9 /* Headers */,
				3C1313AB20F5A461008CF9B9 /* Sources */,
				3C1313AC20F5A461008CF9B9 /* Frameworks */,
				3C1313AD20F5A461008CF9B9 /* Resources */,
			);
			buildRules = (
			);
			dependencies = (
			);
			name = CXPopupKit;
			productName = CXPopupKit;
			productReference = 3C1313AF20F5A461008CF9B9 /* CXPopupKit.framework */;
			productType = "com.apple.product-type.framework";
		};
		3C1313B720F5A461008CF9B9 /* CXPopupKitTests */ = {
			isa = PBXNativeTarget;
			buildConfigurationList = 3C1313C620F5A461008CF9B9 /* Build configuration list for PBXNativeTarget "CXPopupKitTests" */;
			buildPhases = (
				3C1313B420F5A461008CF9B9 /* Sources */,
				3C1313B520F5A461008CF9B9 /* Frameworks */,
				3C1313B620F5A461008CF9B9 /* Resources */,
			);
			buildRules = (
			);
			dependencies = (
				3C1313BB20F5A461008CF9B9 /* PBXTargetDependency */,
			);
			name = CXPopupKitTests;
			productName = CXPopupKitTests;
			productReference = 3C1313B820F5A461008CF9B9 /* CXPopupKitTests.xctest */;
			productType = "com.apple.product-type.bundle.unit-test";
		};
		3C1C9DB12106E54100DE17A9 /* CXPopupKitDemo */ = {
			isa = PBXNativeTarget;
			buildConfigurationList = 3C1C9DDD2106E54300DE17A9 /* Build configuration list for PBXNativeTarget "CXPopupKitDemo" */;
			buildPhases = (
				3C1C9DAE2106E54100DE17A9 /* Sources */,
				3C1C9DAF2106E54100DE17A9 /* Frameworks */,
				3C1C9DB02106E54100DE17A9 /* Resources */,
				C46936F1210797FB00AB7C2D /* Embed Frameworks */,
			);
			buildRules = (
			);
			dependencies = (
				C46936F0210797FB00AB7C2D /* PBXTargetDependency */,
			);
			name = CXPopupKitDemo;
			productName = CXPopupKitDemo;
			productReference = 3C1C9DB22106E54100DE17A9 /* CXPopupKitDemo.app */;
			productType = "com.apple.product-type.application";
		};
		3C1C9DC42106E54300DE17A9 /* CXPopupKitDemoTests */ = {
			isa = PBXNativeTarget;
			buildConfigurationList = 3C1C9DDE2106E54300DE17A9 /* Build configuration list for PBXNativeTarget "CXPopupKitDemoTests" */;
			buildPhases = (
				3C1C9DC12106E54300DE17A9 /* Sources */,
				3C1C9DC22106E54300DE17A9 /* Frameworks */,
				3C1C9DC32106E54300DE17A9 /* Resources */,
			);
			buildRules = (
			);
			dependencies = (
				3C1C9DC72106E54300DE17A9 /* PBXTargetDependency */,
			);
			name = CXPopupKitDemoTests;
			productName = CXPopupKitDemoTests;
			productReference = 3C1C9DC52106E54300DE17A9 /* CXPopupKitDemoTests.xctest */;
			productType = "com.apple.product-type.bundle.unit-test";
		};
		3C1C9DCF2106E54300DE17A9 /* CXPopupKitDemoUITests */ = {
			isa = PBXNativeTarget;
			buildConfigurationList = 3C1C9DDF2106E54300DE17A9 /* Build configuration list for PBXNativeTarget "CXPopupKitDemoUITests" */;
			buildPhases = (
				3C1C9DCC2106E54300DE17A9 /* Sources */,
				3C1C9DCD2106E54300DE17A9 /* Frameworks */,
				3C1C9DCE2106E54300DE17A9 /* Resources */,
			);
			buildRules = (
			);
			dependencies = (
				3C1C9DD22106E54300DE17A9 /* PBXTargetDependency */,
			);
			name = CXPopupKitDemoUITests;
			productName = CXPopupKitDemoUITests;
			productReference = 3C1C9DD02106E54300DE17A9 /* CXPopupKitDemoUITests.xctest */;
			productType = "com.apple.product-type.bundle.ui-testing";
		};
/* End PBXNativeTarget section */

/* Begin PBXProject section */
		3C1313A620F5A461008CF9B9 /* Project object */ = {
			isa = PBXProject;
			attributes = {
				LastSwiftUpdateCheck = 1000;
				LastUpgradeCheck = 1000;
				ORGANIZATIONNAME = Cunqi;
				TargetAttributes = {
					3C1313AE20F5A461008CF9B9 = {
						CreatedOnToolsVersion = 10.0;
						LastSwiftMigration = 1000;
					};
					3C1313B720F5A461008CF9B9 = {
						CreatedOnToolsVersion = 10.0;
					};
					3C1C9DB12106E54100DE17A9 = {
						CreatedOnToolsVersion = 10.0;
					};
					3C1C9DC42106E54300DE17A9 = {
						CreatedOnToolsVersion = 10.0;
						TestTargetID = 3C1C9DB12106E54100DE17A9;
					};
					3C1C9DCF2106E54300DE17A9 = {
						CreatedOnToolsVersion = 10.0;
						TestTargetID = 3C1C9DB12106E54100DE17A9;
					};
				};
			};
			buildConfigurationList = 3C1313A920F5A461008CF9B9 /* Build configuration list for PBXProject "CXPopupKit" */;
			compatibilityVersion = "Xcode 9.3";
			developmentRegion = en;
			hasScannedForEncodings = 0;
			knownRegions = (
				en,
				Base,
			);
			mainGroup = 3C1313A520F5A461008CF9B9;
			productRefGroup = 3C1313B020F5A461008CF9B9 /* Products */;
			projectDirPath = "";
			projectRoot = "";
			targets = (
				3C1313AE20F5A461008CF9B9 /* CXPopupKit */,
				3C1313B720F5A461008CF9B9 /* CXPopupKitTests */,
				3C1C9DB12106E54100DE17A9 /* CXPopupKitDemo */,
				3C1C9DC42106E54300DE17A9 /* CXPopupKitDemoTests */,
				3C1C9DCF2106E54300DE17A9 /* CXPopupKitDemoUITests */,
			);
		};
/* End PBXProject section */

/* Begin PBXResourcesBuildPhase section */
		3C1313AD20F5A461008CF9B9 /* Resources */ = {
			isa = PBXResourcesBuildPhase;
			buildActionMask = 2147483647;
			files = (
			);
			runOnlyForDeploymentPostprocessing = 0;
		};
		3C1313B620F5A461008CF9B9 /* Resources */ = {
			isa = PBXResourcesBuildPhase;
			buildActionMask = 2147483647;
			files = (
			);
			runOnlyForDeploymentPostprocessing = 0;
		};
		3C1C9DB02106E54100DE17A9 /* Resources */ = {
			isa = PBXResourcesBuildPhase;
			buildActionMask = 2147483647;
			files = (
				3C1C9DBF2106E54300DE17A9 /* LaunchScreen.storyboard in Resources */,
				3C1C9DBC2106E54300DE17A9 /* Assets.xcassets in Resources */,
				3C1C9DBA2106E54100DE17A9 /* Main.storyboard in Resources */,
			);
			runOnlyForDeploymentPostprocessing = 0;
		};
		3C1C9DC32106E54300DE17A9 /* Resources */ = {
			isa = PBXResourcesBuildPhase;
			buildActionMask = 2147483647;
			files = (
			);
			runOnlyForDeploymentPostprocessing = 0;
		};
		3C1C9DCE2106E54300DE17A9 /* Resources */ = {
			isa = PBXResourcesBuildPhase;
			buildActionMask = 2147483647;
			files = (
			);
			runOnlyForDeploymentPostprocessing = 0;
		};
/* End PBXResourcesBuildPhase section */

/* Begin PBXSourcesBuildPhase section */
		3C1313AB20F5A461008CF9B9 /* Sources */ = {
			isa = PBXSourcesBuildPhase;
			buildActionMask = 2147483647;
			files = (
				3C87578F20F5B18B0086BC35 /* CXAxisPosition.swift in Sources */,
				C4D915102122495F00D0F7D1 /* CXZoomAnimation.swift in Sources */,
				3C87579120F5B4BC0086BC35 /* CXPopupWindow.swift in Sources */,
				C4EB5303210009A400B5E075 /* CXBasicAnimation.swift in Sources */,
				C4D915062122219900D0F7D1 /* CXAnimation.swift in Sources */,
				C4D9150C2122278D00D0F7D1 /* CXFadeAnimation.swift in Sources */,
				3C87578D20F5B0DB0086BC35 /* CXEdgeSize.swift in Sources */,
				C4D91508212222AD00D0F7D1 /* AnimationFactory.swift in Sources */,
				C4EB52FF20FE692E00B5E075 /* CXSafeAreaType.swift in Sources */,
				C4D9151221224B1700D0F7D1 /* CXPopAnimation.swift in Sources */,
				3C1313CA20F5A4D5008CF9B9 /* CXPopupAppearance.swift in Sources */,
				3C87579320F5B59D0086BC35 /* CXPopupable.swift in Sources */,
				C4EB52FB20FE679600B5E075 /* CXPresentationController.swift in Sources */,
				C4D9150E21222DB400D0F7D1 /* CXBounceAnimation.swift in Sources */,
				C4EB3DBE2135F78E008F5671 /* CXPicker.swift in Sources */,
				3C87579520F5B5D20086BC35 /* CXPopupBuilder.swift in Sources */,
				C4EB52FD20FE67FA00B5E075 /* CXDimensionUtil.swift in Sources */,
			);
			runOnlyForDeploymentPostprocessing = 0;
		};
		3C1313B420F5A461008CF9B9 /* Sources */ = {
			isa = PBXSourcesBuildPhase;
			buildActionMask = 2147483647;
			files = (
				3C1313BE20F5A461008CF9B9 /* CXPopupKitTests.swift in Sources */,
			);
			runOnlyForDeploymentPostprocessing = 0;
		};
		3C1C9DAE2106E54100DE17A9 /* Sources */ = {
			isa = PBXSourcesBuildPhase;
			buildActionMask = 2147483647;
			files = (
				3C1C9DB72106E54100DE17A9 /* ViewController.swift in Sources */,
				3C1C9DB52106E54100DE17A9 /* AppDelegate.swift in Sources */,
			);
			runOnlyForDeploymentPostprocessing = 0;
		};
		3C1C9DC12106E54300DE17A9 /* Sources */ = {
			isa = PBXSourcesBuildPhase;
			buildActionMask = 2147483647;
			files = (
				3C1C9DCA2106E54300DE17A9 /* CXPopupKitDemoTests.swift in Sources */,
			);
			runOnlyForDeploymentPostprocessing = 0;
		};
		3C1C9DCC2106E54300DE17A9 /* Sources */ = {
			isa = PBXSourcesBuildPhase;
			buildActionMask = 2147483647;
			files = (
				3C1C9DD52106E54300DE17A9 /* CXPopupKitDemoUITests.swift in Sources */,
			);
			runOnlyForDeploymentPostprocessing = 0;
		};
/* End PBXSourcesBuildPhase section */

/* Begin PBXTargetDependency section */
		3C1313BB20F5A461008CF9B9 /* PBXTargetDependency */ = {
			isa = PBXTargetDependency;
			target = 3C1313AE20F5A461008CF9B9 /* CXPopupKit */;
			targetProxy = 3C1313BA20F5A461008CF9B9 /* PBXContainerItemProxy */;
		};
		3C1C9DC72106E54300DE17A9 /* PBXTargetDependency */ = {
			isa = PBXTargetDependency;
			target = 3C1C9DB12106E54100DE17A9 /* CXPopupKitDemo */;
			targetProxy = 3C1C9DC62106E54300DE17A9 /* PBXContainerItemProxy */;
		};
		3C1C9DD22106E54300DE17A9 /* PBXTargetDependency */ = {
			isa = PBXTargetDependency;
			target = 3C1C9DB12106E54100DE17A9 /* CXPopupKitDemo */;
			targetProxy = 3C1C9DD12106E54300DE17A9 /* PBXContainerItemProxy */;
		};
		C46936F0210797FB00AB7C2D /* PBXTargetDependency */ = {
			isa = PBXTargetDependency;
			target = 3C1313AE20F5A461008CF9B9 /* CXPopupKit */;
			targetProxy = C46936EF210797FB00AB7C2D /* PBXContainerItemProxy */;
		};
/* End PBXTargetDependency section */

/* Begin PBXVariantGroup section */
		3C1C9DB82106E54100DE17A9 /* Main.storyboard */ = {
			isa = PBXVariantGroup;
			children = (
				3C1C9DB92106E54100DE17A9 /* Base */,
			);
			name = Main.storyboard;
			sourceTree = "<group>";
		};
		3C1C9DBD2106E54300DE17A9 /* LaunchScreen.storyboard */ = {
			isa = PBXVariantGroup;
			children = (
				3C1C9DBE2106E54300DE17A9 /* Base */,
			);
			name = LaunchScreen.storyboard;
			sourceTree = "<group>";
		};
/* End PBXVariantGroup section */

/* Begin XCBuildConfiguration section */
		3C1313C120F5A461008CF9B9 /* Debug */ = {
			isa = XCBuildConfiguration;
			buildSettings = {
				ALWAYS_SEARCH_USER_PATHS = NO;
				CLANG_ANALYZER_NONNULL = YES;
				CLANG_ANALYZER_NUMBER_OBJECT_CONVERSION = YES_AGGRESSIVE;
				CLANG_CXX_LANGUAGE_STANDARD = "gnu++14";
				CLANG_CXX_LIBRARY = "libc++";
				CLANG_ENABLE_MODULES = YES;
				CLANG_ENABLE_OBJC_ARC = YES;
				CLANG_ENABLE_OBJC_WEAK = YES;
				CLANG_WARN_BLOCK_CAPTURE_AUTORELEASING = YES;
				CLANG_WARN_BOOL_CONVERSION = YES;
				CLANG_WARN_COMMA = YES;
				CLANG_WARN_CONSTANT_CONVERSION = YES;
				CLANG_WARN_DEPRECATED_OBJC_IMPLEMENTATIONS = YES;
				CLANG_WARN_DIRECT_OBJC_ISA_USAGE = YES_ERROR;
				CLANG_WARN_DOCUMENTATION_COMMENTS = YES;
				CLANG_WARN_EMPTY_BODY = YES;
				CLANG_WARN_ENUM_CONVERSION = YES;
				CLANG_WARN_INFINITE_RECURSION = YES;
				CLANG_WARN_INT_CONVERSION = YES;
				CLANG_WARN_NON_LITERAL_NULL_CONVERSION = YES;
				CLANG_WARN_OBJC_IMPLICIT_RETAIN_SELF = YES;
				CLANG_WARN_OBJC_LITERAL_CONVERSION = YES;
				CLANG_WARN_OBJC_ROOT_CLASS = YES_ERROR;
				CLANG_WARN_RANGE_LOOP_ANALYSIS = YES;
				CLANG_WARN_STRICT_PROTOTYPES = YES;
				CLANG_WARN_SUSPICIOUS_MOVE = YES;
				CLANG_WARN_UNGUARDED_AVAILABILITY = YES_AGGRESSIVE;
				CLANG_WARN_UNREACHABLE_CODE = YES;
				CLANG_WARN__DUPLICATE_METHOD_MATCH = YES;
				CODE_SIGN_IDENTITY = "iPhone Developer";
				COPY_PHASE_STRIP = NO;
				CURRENT_PROJECT_VERSION = 1;
				DEBUG_INFORMATION_FORMAT = dwarf;
				ENABLE_STRICT_OBJC_MSGSEND = YES;
				ENABLE_TESTABILITY = YES;
				GCC_C_LANGUAGE_STANDARD = gnu11;
				GCC_DYNAMIC_NO_PIC = NO;
				GCC_NO_COMMON_BLOCKS = YES;
				GCC_OPTIMIZATION_LEVEL = 0;
				GCC_PREPROCESSOR_DEFINITIONS = (
					"DEBUG=1",
					"$(inherited)",
				);
				GCC_WARN_64_TO_32_BIT_CONVERSION = YES;
				GCC_WARN_ABOUT_RETURN_TYPE = YES_ERROR;
				GCC_WARN_UNDECLARED_SELECTOR = YES;
				GCC_WARN_UNINITIALIZED_AUTOS = YES_AGGRESSIVE;
				GCC_WARN_UNUSED_FUNCTION = YES;
				GCC_WARN_UNUSED_VARIABLE = YES;
				IPHONEOS_DEPLOYMENT_TARGET = 12.0;
				MTL_ENABLE_DEBUG_INFO = INCLUDE_SOURCE;
				MTL_FAST_MATH = YES;
				ONLY_ACTIVE_ARCH = YES;
				SDKROOT = iphoneos;
				SWIFT_ACTIVE_COMPILATION_CONDITIONS = DEBUG;
				SWIFT_OPTIMIZATION_LEVEL = "-Onone";
				VERSIONING_SYSTEM = "apple-generic";
				VERSION_INFO_PREFIX = "";
			};
			name = Debug;
		};
		3C1313C220F5A461008CF9B9 /* Release */ = {
			isa = XCBuildConfiguration;
			buildSettings = {
				ALWAYS_SEARCH_USER_PATHS = NO;
				CLANG_ANALYZER_NONNULL = YES;
				CLANG_ANALYZER_NUMBER_OBJECT_CONVERSION = YES_AGGRESSIVE;
				CLANG_CXX_LANGUAGE_STANDARD = "gnu++14";
				CLANG_CXX_LIBRARY = "libc++";
				CLANG_ENABLE_MODULES = YES;
				CLANG_ENABLE_OBJC_ARC = YES;
				CLANG_ENABLE_OBJC_WEAK = YES;
				CLANG_WARN_BLOCK_CAPTURE_AUTORELEASING = YES;
				CLANG_WARN_BOOL_CONVERSION = YES;
				CLANG_WARN_COMMA = YES;
				CLANG_WARN_CONSTANT_CONVERSION = YES;
				CLANG_WARN_DEPRECATED_OBJC_IMPLEMENTATIONS = YES;
				CLANG_WARN_DIRECT_OBJC_ISA_USAGE = YES_ERROR;
				CLANG_WARN_DOCUMENTATION_COMMENTS = YES;
				CLANG_WARN_EMPTY_BODY = YES;
				CLANG_WARN_ENUM_CONVERSION = YES;
				CLANG_WARN_INFINITE_RECURSION = YES;
				CLANG_WARN_INT_CONVERSION = YES;
				CLANG_WARN_NON_LITERAL_NULL_CONVERSION = YES;
				CLANG_WARN_OBJC_IMPLICIT_RETAIN_SELF = YES;
				CLANG_WARN_OBJC_LITERAL_CONVERSION = YES;
				CLANG_WARN_OBJC_ROOT_CLASS = YES_ERROR;
				CLANG_WARN_RANGE_LOOP_ANALYSIS = YES;
				CLANG_WARN_STRICT_PROTOTYPES = YES;
				CLANG_WARN_SUSPICIOUS_MOVE = YES;
				CLANG_WARN_UNGUARDED_AVAILABILITY = YES_AGGRESSIVE;
				CLANG_WARN_UNREACHABLE_CODE = YES;
				CLANG_WARN__DUPLICATE_METHOD_MATCH = YES;
				CODE_SIGN_IDENTITY = "iPhone Developer";
				COPY_PHASE_STRIP = NO;
				CURRENT_PROJECT_VERSION = 1;
				DEBUG_INFORMATION_FORMAT = "dwarf-with-dsym";
				ENABLE_NS_ASSERTIONS = NO;
				ENABLE_STRICT_OBJC_MSGSEND = YES;
				GCC_C_LANGUAGE_STANDARD = gnu11;
				GCC_NO_COMMON_BLOCKS = YES;
				GCC_WARN_64_TO_32_BIT_CONVERSION = YES;
				GCC_WARN_ABOUT_RETURN_TYPE = YES_ERROR;
				GCC_WARN_UNDECLARED_SELECTOR = YES;
				GCC_WARN_UNINITIALIZED_AUTOS = YES_AGGRESSIVE;
				GCC_WARN_UNUSED_FUNCTION = YES;
				GCC_WARN_UNUSED_VARIABLE = YES;
				IPHONEOS_DEPLOYMENT_TARGET = 12.0;
				MTL_ENABLE_DEBUG_INFO = NO;
				MTL_FAST_MATH = YES;
				SDKROOT = iphoneos;
				SWIFT_COMPILATION_MODE = wholemodule;
				SWIFT_OPTIMIZATION_LEVEL = "-O";
				VALIDATE_PRODUCT = YES;
				VERSIONING_SYSTEM = "apple-generic";
				VERSION_INFO_PREFIX = "";
			};
			name = Release;
		};
		3C1313C420F5A461008CF9B9 /* Debug */ = {
			isa = XCBuildConfiguration;
			buildSettings = {
				CLANG_ENABLE_MODULES = YES;
				CODE_SIGN_IDENTITY = "";
				CODE_SIGN_STYLE = Automatic;
				DEFINES_MODULE = YES;
				DEVELOPMENT_TEAM = 2PQ63WGMNP;
				DYLIB_COMPATIBILITY_VERSION = 1;
				DYLIB_CURRENT_VERSION = 1;
				DYLIB_INSTALL_NAME_BASE = "@rpath";
				INFOPLIST_FILE = CXPopupKit/Info.plist;
				INSTALL_PATH = "$(LOCAL_LIBRARY_DIR)/Frameworks";
				IPHONEOS_DEPLOYMENT_TARGET = 9.0;
				LD_RUNPATH_SEARCH_PATHS = (
					"$(inherited)",
					"@executable_path/Frameworks",
					"@loader_path/Frameworks",
				);
				PRODUCT_BUNDLE_IDENTIFIER = com.cuxiao.CXPopupKit;
				PRODUCT_NAME = "$(TARGET_NAME:c99extidentifier)";
				SKIP_INSTALL = YES;
				SWIFT_OPTIMIZATION_LEVEL = "-Onone";
				SWIFT_VERSION = 4.2;
				TARGETED_DEVICE_FAMILY = "1,2";
			};
			name = Debug;
		};
		3C1313C520F5A461008CF9B9 /* Release */ = {
			isa = XCBuildConfiguration;
			buildSettings = {
				CLANG_ENABLE_MODULES = YES;
				CODE_SIGN_IDENTITY = "";
				CODE_SIGN_STYLE = Automatic;
				DEFINES_MODULE = YES;
				DEVELOPMENT_TEAM = 2PQ63WGMNP;
				DYLIB_COMPATIBILITY_VERSION = 1;
				DYLIB_CURRENT_VERSION = 1;
				DYLIB_INSTALL_NAME_BASE = "@rpath";
				INFOPLIST_FILE = CXPopupKit/Info.plist;
				INSTALL_PATH = "$(LOCAL_LIBRARY_DIR)/Frameworks";
				IPHONEOS_DEPLOYMENT_TARGET = 9.0;
				LD_RUNPATH_SEARCH_PATHS = (
					"$(inherited)",
					"@executable_path/Frameworks",
					"@loader_path/Frameworks",
				);
				PRODUCT_BUNDLE_IDENTIFIER = com.cuxiao.CXPopupKit;
				PRODUCT_NAME = "$(TARGET_NAME:c99extidentifier)";
				SKIP_INSTALL = YES;
				SWIFT_VERSION = 4.2;
				TARGETED_DEVICE_FAMILY = "1,2";
			};
			name = Release;
		};
		3C1313C720F5A461008CF9B9 /* Debug */ = {
			isa = XCBuildConfiguration;
			buildSettings = {
				ALWAYS_EMBED_SWIFT_STANDARD_LIBRARIES = YES;
				CODE_SIGN_STYLE = Automatic;
				DEVELOPMENT_TEAM = 2PQ63WGMNP;
				INFOPLIST_FILE = CXPopupKitTests/Info.plist;
				LD_RUNPATH_SEARCH_PATHS = (
					"$(inherited)",
					"@executable_path/Frameworks",
					"@loader_path/Frameworks",
				);
				PRODUCT_BUNDLE_IDENTIFIER = com.cuxiao.CXPopupKitTests;
				PRODUCT_NAME = "$(TARGET_NAME)";
				SWIFT_VERSION = 4.2;
				TARGETED_DEVICE_FAMILY = "1,2";
			};
			name = Debug;
		};
		3C1313C820F5A461008CF9B9 /* Release */ = {
			isa = XCBuildConfiguration;
			buildSettings = {
				ALWAYS_EMBED_SWIFT_STANDARD_LIBRARIES = YES;
				CODE_SIGN_STYLE = Automatic;
				DEVELOPMENT_TEAM = 2PQ63WGMNP;
				INFOPLIST_FILE = CXPopupKitTests/Info.plist;
				LD_RUNPATH_SEARCH_PATHS = (
					"$(inherited)",
					"@executable_path/Frameworks",
					"@loader_path/Frameworks",
				);
				PRODUCT_BUNDLE_IDENTIFIER = com.cuxiao.CXPopupKitTests;
				PRODUCT_NAME = "$(TARGET_NAME)";
				SWIFT_VERSION = 4.2;
				TARGETED_DEVICE_FAMILY = "1,2";
			};
			name = Release;
		};
		3C1C9DD72106E54300DE17A9 /* Debug */ = {
			isa = XCBuildConfiguration;
			buildSettings = {
				ALWAYS_EMBED_SWIFT_STANDARD_LIBRARIES = YES;
				ASSETCATALOG_COMPILER_APPICON_NAME = AppIcon;
				CODE_SIGN_STYLE = Automatic;
				DEVELOPMENT_TEAM = 2PQ63WGMNP;
				INFOPLIST_FILE = CXPopupKitDemo/Info.plist;
				IPHONEOS_DEPLOYMENT_TARGET = 9.0;
				LD_RUNPATH_SEARCH_PATHS = (
					"$(inherited)",
					"@executable_path/Frameworks",
				);
				PRODUCT_BUNDLE_IDENTIFIER = com.cuxiao.CXPopupKitDemo;
				PRODUCT_NAME = "$(TARGET_NAME)";
				SWIFT_VERSION = 4.2;
				TARGETED_DEVICE_FAMILY = "1,2";
			};
			name = Debug;
		};
		3C1C9DD82106E54300DE17A9 /* Release */ = {
			isa = XCBuildConfiguration;
			buildSettings = {
				ALWAYS_EMBED_SWIFT_STANDARD_LIBRARIES = YES;
				ASSETCATALOG_COMPILER_APPICON_NAME = AppIcon;
				CODE_SIGN_STYLE = Automatic;
				DEVELOPMENT_TEAM = 2PQ63WGMNP;
				INFOPLIST_FILE = CXPopupKitDemo/Info.plist;
				IPHONEOS_DEPLOYMENT_TARGET = 9.0;
				LD_RUNPATH_SEARCH_PATHS = (
					"$(inherited)",
					"@executable_path/Frameworks",
				);
				PRODUCT_BUNDLE_IDENTIFIER = com.cuxiao.CXPopupKitDemo;
				PRODUCT_NAME = "$(TARGET_NAME)";
				SWIFT_VERSION = 4.2;
				TARGETED_DEVICE_FAMILY = "1,2";
			};
			name = Release;
		};
		3C1C9DD92106E54300DE17A9 /* Debug */ = {
			isa = XCBuildConfiguration;
			buildSettings = {
				ALWAYS_EMBED_SWIFT_STANDARD_LIBRARIES = YES;
				BUNDLE_LOADER = "$(TEST_HOST)";
				CODE_SIGN_STYLE = Automatic;
				DEVELOPMENT_TEAM = 2PQ63WGMNP;
				INFOPLIST_FILE = CXPopupKitDemoTests/Info.plist;
				LD_RUNPATH_SEARCH_PATHS = (
					"$(inherited)",
					"@executable_path/Frameworks",
					"@loader_path/Frameworks",
				);
				PRODUCT_BUNDLE_IDENTIFIER = com.cuxiao.CXPopupKitDemoTests;
				PRODUCT_NAME = "$(TARGET_NAME)";
				SWIFT_VERSION = 4.2;
				TARGETED_DEVICE_FAMILY = "1,2";
				TEST_HOST = "$(BUILT_PRODUCTS_DIR)/CXPopupKitDemo.app/CXPopupKitDemo";
			};
			name = Debug;
		};
		3C1C9DDA2106E54300DE17A9 /* Release */ = {
			isa = XCBuildConfiguration;
			buildSettings = {
				ALWAYS_EMBED_SWIFT_STANDARD_LIBRARIES = YES;
				BUNDLE_LOADER = "$(TEST_HOST)";
				CODE_SIGN_STYLE = Automatic;
				DEVELOPMENT_TEAM = 2PQ63WGMNP;
				INFOPLIST_FILE = CXPopupKitDemoTests/Info.plist;
				LD_RUNPATH_SEARCH_PATHS = (
					"$(inherited)",
					"@executable_path/Frameworks",
					"@loader_path/Frameworks",
				);
				PRODUCT_BUNDLE_IDENTIFIER = com.cuxiao.CXPopupKitDemoTests;
				PRODUCT_NAME = "$(TARGET_NAME)";
				SWIFT_VERSION = 4.2;
				TARGETED_DEVICE_FAMILY = "1,2";
				TEST_HOST = "$(BUILT_PRODUCTS_DIR)/CXPopupKitDemo.app/CXPopupKitDemo";
			};
			name = Release;
		};
		3C1C9DDB2106E54300DE17A9 /* Debug */ = {
			isa = XCBuildConfiguration;
			buildSettings = {
				ALWAYS_EMBED_SWIFT_STANDARD_LIBRARIES = YES;
				CODE_SIGN_STYLE = Automatic;
				DEVELOPMENT_TEAM = 2PQ63WGMNP;
				INFOPLIST_FILE = CXPopupKitDemoUITests/Info.plist;
				LD_RUNPATH_SEARCH_PATHS = (
					"$(inherited)",
					"@executable_path/Frameworks",
					"@loader_path/Frameworks",
				);
				PRODUCT_BUNDLE_IDENTIFIER = com.cuxiao.CXPopupKitDemoUITests;
				PRODUCT_NAME = "$(TARGET_NAME)";
				SWIFT_VERSION = 4.2;
				TARGETED_DEVICE_FAMILY = "1,2";
				TEST_TARGET_NAME = CXPopupKitDemo;
			};
			name = Debug;
		};
		3C1C9DDC2106E54300DE17A9 /* Release */ = {
			isa = XCBuildConfiguration;
			buildSettings = {
				ALWAYS_EMBED_SWIFT_STANDARD_LIBRARIES = YES;
				CODE_SIGN_STYLE = Automatic;
				DEVELOPMENT_TEAM = 2PQ63WGMNP;
				INFOPLIST_FILE = CXPopupKitDemoUITests/Info.plist;
				LD_RUNPATH_SEARCH_PATHS = (
					"$(inherited)",
					"@executable_path/Frameworks",
					"@loader_path/Frameworks",
				);
				PRODUCT_BUNDLE_IDENTIFIER = com.cuxiao.CXPopupKitDemoUITests;
				PRODUCT_NAME = "$(TARGET_NAME)";
				SWIFT_VERSION = 4.2;
				TARGETED_DEVICE_FAMILY = "1,2";
				TEST_TARGET_NAME = CXPopupKitDemo;
			};
			name = Release;
		};
/* End XCBuildConfiguration section */

/* Begin XCConfigurationList section */
		3C1313A920F5A461008CF9B9 /* Build configuration list for PBXProject "CXPopupKit" */ = {
			isa = XCConfigurationList;
			buildConfigurations = (
				3C1313C120F5A461008CF9B9 /* Debug */,
				3C1313C220F5A461008CF9B9 /* Release */,
			);
			defaultConfigurationIsVisible = 0;
			defaultConfigurationName = Release;
		};
		3C1313C320F5A461008CF9B9 /* Build configuration list for PBXNativeTarget "CXPopupKit" */ = {
			isa = XCConfigurationList;
			buildConfigurations = (
				3C1313C420F5A461008CF9B9 /* Debug */,
				3C1313C520F5A461008CF9B9 /* Release */,
			);
			defaultConfigurationIsVisible = 0;
			defaultConfigurationName = Release;
		};
		3C1313C620F5A461008CF9B9 /* Build configuration list for PBXNativeTarget "CXPopupKitTests" */ = {
			isa = XCConfigurationList;
			buildConfigurations = (
				3C1313C720F5A461008CF9B9 /* Debug */,
				3C1313C820F5A461008CF9B9 /* Release */,
			);
			defaultConfigurationIsVisible = 0;
			defaultConfigurationName = Release;
		};
		3C1C9DDD2106E54300DE17A9 /* Build configuration list for PBXNativeTarget "CXPopupKitDemo" */ = {
			isa = XCConfigurationList;
			buildConfigurations = (
				3C1C9DD72106E54300DE17A9 /* Debug */,
				3C1C9DD82106E54300DE17A9 /* Release */,
			);
			defaultConfigurationIsVisible = 0;
			defaultConfigurationName = Release;
		};
		3C1C9DDE2106E54300DE17A9 /* Build configuration list for PBXNativeTarget "CXPopupKitDemoTests" */ = {
			isa = XCConfigurationList;
			buildConfigurations = (
				3C1C9DD92106E54300DE17A9 /* Debug */,
				3C1C9DDA2106E54300DE17A9 /* Release */,
			);
			defaultConfigurationIsVisible = 0;
			defaultConfigurationName = Release;
		};
		3C1C9DDF2106E54300DE17A9 /* Build configuration list for PBXNativeTarget "CXPopupKitDemoUITests" */ = {
			isa = XCConfigurationList;
			buildConfigurations = (
				3C1C9DDB2106E54300DE17A9 /* Debug */,
				3C1C9DDC2106E54300DE17A9 /* Release */,
			);
			defaultConfigurationIsVisible = 0;
			defaultConfigurationName = Release;
		};
/* End XCConfigurationList section */
	};
	rootObject = 3C1313A620F5A461008CF9B9 /* Project object */;
}
